
Microsoft Visual Studio Solution File, Format Version 12.00
# Visual Studio Version 16
VisualStudioVersion = 16.0.31829.152
MinimumVisualStudioVersion = 10.0.40219.1
Project("{FAE04EC0-301F-11D3-BF4B-00C04F79EFBC}") = "ChatWebAPI", "ChatWebAPI\ChatWebAPI.csproj", "{13BFC7F7-BB17-481A-9248-D76763039F87}"
EndProject
Global
	GlobalSection(SolutionConfigurationPlatforms) = preSolution
		Debug|Any CPU = Debug|Any CPU
		Release|Any CPU = Release|Any CPU
	EndGlobalSection
	GlobalSection(ProjectConfigurationPlatforms) = postSolution
		{13BFC7F7-BB17-481A-9248-D76763039F87}.Debug|Any CPU.ActiveCfg = Debug|Any CPU
		{13BFC7F7-BB17-481A-9248-D76763039F87}.Debug|Any CPU.Build.0 = Debug|Any CPU
		{13BFC7F7-BB17-481A-9248-D76763039F87}.Release|Any CPU.ActiveCfg = Release|Any CPU
		{13BFC7F7-BB17-481A-9248-D76763039F87}.Release|Any CPU.Build.0 = Release|Any CPU
	EndGlobalSection
	GlobalSection(SolutionProperties) = preSolution
		HideSolutionNode = FALSE
	EndGlobalSection
	GlobalSection(ExtensibilityGlobals) = postSolution
		SolutionGuid = {A7A202BB-3F01-41BB-ACFF-C9A76CBB19EA}
	EndGlobalSection
EndGlobal
